Microsoft Visual Studio Solution File, Format Version 12.00
# Visual Studio Version 17
VisualStudioVersion = 17.5.2.0
MinimumVisualStudioVersion = 10.0.40219.1
Project("{FAE04EC0-301F-11D3-BF4B-00C04F79EFBC}") = "pokemon-image-api", "pokemon-image-api\pokemon-image-api.csproj", "{4ABF8878-99AD-FC79-F2B0-0B347FFF37D7}"
EndProject
Global
	GlobalSection(SolutionConfigurationPlatforms) = preSolution
		Debug|Any CPU = Debug|Any CPU
		Release|Any CPU = Release|Any CPU
	EndGlobalSection
	GlobalSection(ProjectConfigurationPlatforms) = postSolution
		{4ABF8878-99AD-FC79-F2B0-0B347FFF37D7}.Debug|Any CPU.ActiveCfg = Debug|Any CPU
		{4ABF8878-99AD-FC79-F2B0-0B347FFF37D7}.Debug|Any CPU.Build.0 = Debug|Any CPU
		{4ABF8878-99AD-FC79-F2B0-0B347FFF37D7}.Release|Any CPU.ActiveCfg = Release|Any CPU
		{4ABF8878-99AD-FC79-F2B0-0B347FFF37D7}.Release|Any CPU.Build.0 = Release|Any CPU
	EndGlobalSection
	GlobalSection(SolutionProperties) = preSolution
		HideSolutionNode = FALSE
	EndGlobalSection
	GlobalSection(ExtensibilityGlobals) = postSolution
		SolutionGuid = {1847C85E-BEA6-49D5-9503-4DE557E6AB0D}
	EndGlobalSection
EndGlobal
